
Microsoft Visual Studio Solution File, Format Version 12.00
# Visual Studio Version 17
VisualStudioVersion = 17.7.34018.315
MinimumVisualStudioVersion = 10.0.40219.1
Project("{8BC9CEB8-8B4A-11D0-8D11-00A0C91BC942}") = "Sinkhole", "Sinkhole\Sinkhole.vcxproj", "{55B2A533-6AE4-4963-9866-9B1226CD8370}"
EndProject
Global
	GlobalSection(SolutionConfigurationPlatforms) = preSolution
		Debug|x64 = Debug|x64
		Release|x64 = Release|x64
	EndGlobalSection
	GlobalSection(ProjectConfigurationPlatforms) = postSolution
		{55B2A533-6AE4-4963-9866-9B1226CD8370}.Debug|x64.ActiveCfg = Debug|x64
		{55B2A533-6AE4-4963-9866-9B1226CD8370}.Debug|x64.Build.0 = Debug|x64
		{55B2A533-6AE4-4963-9866-9B1226CD8370}.Release|x64.ActiveCfg = Release|x64
		{55B2A533-6AE4-4963-9866-9B1226CD8370}.Release|x64.Build.0 = Release|x64
	EndGlobalSection
	GlobalSection(SolutionProperties) = preSolution
		HideSolutionNode = FALSE
	EndGlobalSection
	GlobalSection(ExtensibilityGlobals) = postSolution
		SolutionGuid = {B1398C50-EDC5-4B08-A009-3C5B55239EE7}
	EndGlobalSection
EndGlobal
